
Microsoft Visual Studio Solution File, Format Version 12.00
# Visual Studio Version 16
VisualStudioVersion = 16.0.30523.141
MinimumVisualStudioVersion = 10.0.40219.1
Project("{FAE04EC0-301F-11D3-BF4B-00C04F79EFBC}") = "BinarySearch", "BinarySearch\BinarySearch.csproj", "{211371E4-CAFE-46C4-9575-677A75E618F8}"
EndProject
Global
	GlobalSection(SolutionConfigurationPlatforms) = preSolution
		Debug|Any CPU = Debug|Any CPU
		Release|Any CPU = Release|Any CPU
	EndGlobalSection
	GlobalSection(ProjectConfigurationPlatforms) = postSolution
		{211371E4-CAFE-46C4-9575-677A75E618F8}.Debug|Any CPU.ActiveCfg = Debug|Any CPU
		{211371E4-CAFE-46C4-9575-677A75E618F8}.Debug|Any CPU.Build.0 = Debug|Any CPU
		{211371E4-CAFE-46C4-9575-677A75E618F8}.Release|Any CPU.ActiveCfg = Release|Any CPU
		{211371E4-CAFE-46C4-9575-677A75E618F8}.Release|Any CPU.Build.0 = Release|Any CPU
	EndGlobalSection
	GlobalSection(SolutionProperties) = preSolution
		HideSolutionNode = FALSE
	EndGlobalSection
	GlobalSection(ExtensibilityGlobals) = postSolution
		SolutionGuid = {C0914C4A-AB4C-4EC3-B7E2-B480173D3F77}
	EndGlobalSection
EndGlobal
